{
  "version": 1,
  "dependencies": {
    "net8.0-windows7.0": {
      "DalamudPackager": {
        "type": "Direct",
        "requested": "[2.1.12, )",
        "resolved": "2.1.12",
        "contentHash": "Sc0PVxvgg4NQjcI8n10/VfUQBAS4O+Fw2pZrAqBdRMbthYGeogzu5+xmIGCGmsEZ/ukMOBuAqiNiB5qA3MRalg=="
      },
      "Microsoft.Data.Sqlite": {
        "type": "Direct",
        "requested": "[9.0.0-preview.4.24267.1, )",
        "resolved": "9.0.0-preview.4.24267.1",
        "contentHash": "tkAkNpUtDNisNhDnfFkvy8fMBYC8wpQfKXVD/88HYICRs4mUBN5lQq8pnOBbDCiXrrYkFOgnQesI/VoO3UTw/Q==",
        "dependencies": {
          "Microsoft.Data.Sqlite.Core": "9.0.0-preview.4.24267.1",
          "SQLitePCLRaw.bundle_e_sqlite3": "2.1.7"
        }
      },
      "Microsoft.Data.Sqlite.Core": {
        "type": "Transitive",
        "resolved": "9.0.0-preview.4.24267.1",
        "contentHash": "wbGj++HqVBPUZ8g6imkhjwcqgWyDfjQNgrrgCCHToMqhOUTR0lCsCsTFM4Yp1Cw3T2lvYI/dgRP1BsEXfVw7jw==",
        "dependencies": {
          "SQLitePCLRaw.core": "2.1.7"
        }
      },
      "SQLitePCLRaw.bundle_e_sqlite3": {
        "type": "Transitive",
        "resolved": "2.1.7",
        "contentHash": "Ax90czXWyJ+LT5WGaOBJQbMWPC9UOOnoZPcVbkwDl0S2yIbk1LP+EjLo5fW7xl30VjvH5qEpb5YZ3t9lW0xeqA==",
        "dependencies": {
          "SQLitePCLRaw.lib.e_sqlite3": "2.1.7",
          "SQLitePCLRaw.provider.e_sqlite3": "2.1.7"
        }
      },
      "SQLitePCLRaw.core": {
        "type": "Transitive",
        "resolved": "2.1.7",
        "contentHash": "C1j0zRA2bCueUrGG2TbqDVm0Bdeq/gPf+qs6SweTpoTIOqH1me0/1rhfCHBJkMSQwI9OC1XW6t4Ml8Iux76YSA==",
        "dependencies": {
          "System.Memory": "4.5.3"
        }
      },
      "SQLitePCLRaw.lib.e_sqlite3": {
        "type": "Transitive",
        "resolved": "2.1.7",
        "contentHash": "b3VByUTfSNGtq580yXDH5JAEwOCJru1ZJDS/EHCT+RnqId6pliewb0/xbzxjjiKLF3uDEwslR/9ftz5psv/N/g=="
      },
      "SQLitePCLRaw.provider.e_sqlite3": {
        "type": "Transitive",
        "resolved": "2.1.7",
        "contentHash": "wxZU4CJQbPsQ9l8j4eiB5AW8IZt7PvHC+A1qByO1Rg47CrI0NZNpxV0N8gUdpxexocAwdjUrQEWOFVMAuNbLqw==",
        "dependencies": {
          "SQLitePCLRaw.core": "2.1.7"
        }
      },
      "System.Memory": {
        "type": "Transitive",
        "resolved": "4.5.3",
        "contentHash": "3oDzvc/zzetpTKWMShs1AADwZjQ/36HnsufHRPcOjyRAAMLDlu2iD33MBI2opxnezcVUtXyqDXXjoFMOU9c7SA=="
      }
    }
  }
}